
Microsoft Visual Studio Solution File, Format Version 12.00
# Visual Studio Version 17
VisualStudioVersion = 17.3.32901.215
MinimumVisualStudioVersion = 10.0.40219.1
Project("{FAE04EC0-301F-11D3-BF4B-00C04F79EFBC}") = "project_1e_semester", "project_1e_semester.csproj", "{55472A73-7394-4E94-AC26-2622791911FF}"
EndProject
Project("{2150E333-8FDC-42A3-9474-1A3956D46DE8}") = "Solution Items", "Solution Items", "{3233BFE4-8262-4086-91EF-6545C61CF461}"
	ProjectSection(SolutionItems) = preProject
		.editorconfig = .editorconfig
	EndProjectSection
EndProject
Global
	GlobalSection(SolutionConfigurationPlatforms) = preSolution
		Debug|Any CPU = Debug|Any CPU
		Release|Any CPU = Release|Any CPU
	EndGlobalSection
	GlobalSection(ProjectConfigurationPlatforms) = postSolution
		{55472A73-7394-4E94-AC26-2622791911FF}.Debug|Any CPU.ActiveCfg = Debug|Any CPU
		{55472A73-7394-4E94-AC26-2622791911FF}.Debug|Any CPU.Build.0 = Debug|Any CPU
		{55472A73-7394-4E94-AC26-2622791911FF}.Release|Any CPU.ActiveCfg = Release|Any CPU
		{55472A73-7394-4E94-AC26-2622791911FF}.Release|Any CPU.Build.0 = Release|Any CPU
	EndGlobalSection
	GlobalSection(SolutionProperties) = preSolution
		HideSolutionNode = FALSE
	EndGlobalSection
	GlobalSection(ExtensibilityGlobals) = postSolution
		SolutionGuid = {C974F7D0-BF26-4174-8666-BA16FF0D21A7}
	EndGlobalSection
EndGlobal
